
Microsoft Visual Studio Solution File, Format Version 12.00
# Visual Studio Version 17
VisualStudioVersion = 17.8.34330.188
MinimumVisualStudioVersion = 10.0.40219.1
Project("{FAE04EC0-301F-11D3-BF4B-00C04F79EFBC}") = "30thjan", "30thjan\30thjan.csproj", "{CF7230F4-42AF-404D-848C-2730FC87AD33}"
EndProject
Global
	GlobalSection(SolutionConfigurationPlatforms) = preSolution
		Debug|Any CPU = Debug|Any CPU
		Release|Any CPU = Release|Any CPU
	EndGlobalSection
	GlobalSection(ProjectConfigurationPlatforms) = postSolution
		{CF7230F4-42AF-404D-848C-2730FC87AD33}.Debug|Any CPU.ActiveCfg = Debug|Any CPU
		{CF7230F4-42AF-404D-848C-2730FC87AD33}.Debug|Any CPU.Build.0 = Debug|Any CPU
		{CF7230F4-42AF-404D-848C-2730FC87AD33}.Release|Any CPU.ActiveCfg = Release|Any CPU
		{CF7230F4-42AF-404D-848C-2730FC87AD33}.Release|Any CPU.Build.0 = Release|Any CPU
	EndGlobalSection
	GlobalSection(SolutionProperties) = preSolution
		HideSolutionNode = FALSE
	EndGlobalSection
	GlobalSection(ExtensibilityGlobals) = postSolution
		SolutionGuid = {667AA670-929F-499D-8FA9-088AF07200F6}
	EndGlobalSection
EndGlobal
